<Solution>
  <Configurations>
    <Platform Name="Any CPU" />
    <Platform Name="x64" />
    <Platform Name="x86" />
  </Configurations>
  <Project Path="SemanticKernelExample/SemanticKernelExample.csproj" />
  <Project Path="VectorDataExample/VectorDataExample.csproj" />
  <Project Path="RateLimitingExample/RateLimitingExample.csproj" />
  <Project Path="AgentFrameworkExample/AgentFrameworkExample.csproj" />
  <Project Path="LoggerMessageBenchmarks/LoggerMessageBenchmarks.csproj" />
  <Project Path="IAsyncEnumerableExample/IAsyncEnumerableExample.csproj" />
</Solution>
